
Microsoft Visual Studio Solution File, Format Version 12.00
# Visual Studio Version 17
VisualStudioVersion = 17.4.33205.214
MinimumVisualStudioVersion = 10.0.40219.1
Project("{FAE04EC0-301F-11D3-BF4B-00C04F79EFBC}") = "Telegrambot 2", "Telegrambot 2.csproj", "{7DCD18C4-6423-4F00-BC2A-4A08577B6053}"
EndProject
Global
	GlobalSection(SolutionConfigurationPlatforms) = preSolution
		Debug|Any CPU = Debug|Any CPU
		Release|Any CPU = Release|Any CPU
	EndGlobalSection
	GlobalSection(ProjectConfigurationPlatforms) = postSolution
		{7DCD18C4-6423-4F00-BC2A-4A08577B6053}.Debug|Any CPU.ActiveCfg = Debug|Any CPU
		{7DCD18C4-6423-4F00-BC2A-4A08577B6053}.Debug|Any CPU.Build.0 = Debug|Any CPU
		{7DCD18C4-6423-4F00-BC2A-4A08577B6053}.Release|Any CPU.ActiveCfg = Release|Any CPU
		{7DCD18C4-6423-4F00-BC2A-4A08577B6053}.Release|Any CPU.Build.0 = Release|Any CPU
	EndGlobalSection
	GlobalSection(SolutionProperties) = preSolution
		HideSolutionNode = FALSE
	EndGlobalSection
	GlobalSection(ExtensibilityGlobals) = postSolution
		SolutionGuid = {F3B4E71B-4173-4A40-8CD7-78D548DB1FC5}
	EndGlobalSection
EndGlobal
